
Microsoft Visual Studio Solution File, Format Version 12.00
# Visual Studio 15
VisualStudioVersion = 15.0.28307.168
MinimumVisualStudioVersion = 10.0.40219.1
Project("{FAE04EC0-301F-11D3-BF4B-00C04F79EFBC}") = "QuartzDemo", "QuartzDemo\QuartzDemo.csproj", "{9E1FC7EC-622A-4934-8352-7F1C4662FC08}"
EndProject
Global
	GlobalSection(SolutionConfigurationPlatforms) = preSolution
		Debug|Any CPU = Debug|Any CPU
		Release|Any CPU = Release|Any CPU
	EndGlobalSection
	GlobalSection(ProjectConfigurationPlatforms) = postSolution
		{9E1FC7EC-622A-4934-8352-7F1C4662FC08}.Debug|Any CPU.ActiveCfg = Debug|Any CPU
		{9E1FC7EC-622A-4934-8352-7F1C4662FC08}.Debug|Any CPU.Build.0 = Debug|Any CPU
		{9E1FC7EC-622A-4934-8352-7F1C4662FC08}.Release|Any CPU.ActiveCfg = Release|Any CPU
		{9E1FC7EC-622A-4934-8352-7F1C4662FC08}.Release|Any CPU.Build.0 = Release|Any CPU
	EndGlobalSection
	GlobalSection(SolutionProperties) = preSolution
		HideSolutionNode = FALSE
	EndGlobalSection
	GlobalSection(ExtensibilityGlobals) = postSolution
		SolutionGuid = {FF9D4530-5972-4CB5-A54B-155B4DAA327F}
	EndGlobalSection
EndGlobal
