
Microsoft Visual Studio Solution File, Format Version 12.00
# Visual Studio 15
VisualStudioVersion = 15.0.28307.168
MinimumVisualStudioVersion = 10.0.40219.1
Project("{FAE04EC0-301F-11D3-BF4B-00C04F79EFBC}") = "ExtendMethodDemo", "ExtendMethodDemo\ExtendMethodDemo.csproj", "{CDBDB104-F24C-4F20-BEB0-7893B4BBDBAC}"
EndProject
Global
	GlobalSection(SolutionConfigurationPlatforms) = preSolution
		Debug|Any CPU = Debug|Any CPU
		Release|Any CPU = Release|Any CPU
	EndGlobalSection
	GlobalSection(ProjectConfigurationPlatforms) = postSolution
		{CDBDB104-F24C-4F20-BEB0-7893B4BBDBAC}.Debug|Any CPU.ActiveCfg = Debug|Any CPU
		{CDBDB104-F24C-4F20-BEB0-7893B4BBDBAC}.Debug|Any CPU.Build.0 = Debug|Any CPU
		{CDBDB104-F24C-4F20-BEB0-7893B4BBDBAC}.Release|Any CPU.ActiveCfg = Release|Any CPU
		{CDBDB104-F24C-4F20-BEB0-7893B4BBDBAC}.Release|Any CPU.Build.0 = Release|Any CPU
	EndGlobalSection
	GlobalSection(SolutionProperties) = preSolution
		HideSolutionNode = FALSE
	EndGlobalSection
	GlobalSection(ExtensibilityGlobals) = postSolution
		SolutionGuid = {F8523252-51E6-48CE-82B3-346D8070F5FC}
	EndGlobalSection
EndGlobal
