
Microsoft Visual Studio Solution File, Format Version 12.00
# Visual Studio 15
VisualStudioVersion = 15.0.28307.168
MinimumVisualStudioVersion = 10.0.40219.1
Project("{FAE04EC0-301F-11D3-BF4B-00C04F79EFBC}") = "UnitTestDemo", "UnitTestDemo\UnitTestDemo.csproj", "{1283E2B6-F7E6-4092-A569-7101119E654B}"
EndProject
Project("{FAE04EC0-301F-11D3-BF4B-00C04F79EFBC}") = "UnitTestDemoTest", "UnitTestDemoTest\UnitTestDemoTest.csproj", "{EC015F56-377A-470C-B6FF-CC04636F9B23}"
EndProject
Global
	GlobalSection(SolutionConfigurationPlatforms) = preSolution
		Debug|Any CPU = Debug|Any CPU
		Release|Any CPU = Release|Any CPU
	EndGlobalSection
	GlobalSection(ProjectConfigurationPlatforms) = postSolution
		{1283E2B6-F7E6-4092-A569-7101119E654B}.Debug|Any CPU.ActiveCfg = Debug|Any CPU
		{1283E2B6-F7E6-4092-A569-7101119E654B}.Debug|Any CPU.Build.0 = Debug|Any CPU
		{1283E2B6-F7E6-4092-A569-7101119E654B}.Release|Any CPU.ActiveCfg = Release|Any CPU
		{1283E2B6-F7E6-4092-A569-7101119E654B}.Release|Any CPU.Build.0 = Release|Any CPU
		{EC015F56-377A-470C-B6FF-CC04636F9B23}.Debug|Any CPU.ActiveCfg = Debug|Any CPU
		{EC015F56-377A-470C-B6FF-CC04636F9B23}.Debug|Any CPU.Build.0 = Debug|Any CPU
		{EC015F56-377A-470C-B6FF-CC04636F9B23}.Release|Any CPU.ActiveCfg = Release|Any CPU
		{EC015F56-377A-470C-B6FF-CC04636F9B23}.Release|Any CPU.Build.0 = Release|Any CPU
	EndGlobalSection
	GlobalSection(SolutionProperties) = preSolution
		HideSolutionNode = FALSE
	EndGlobalSection
	GlobalSection(ExtensibilityGlobals) = postSolution
		SolutionGuid = {2B8FAAB1-2DC1-4B0D-A333-A429F35C24A3}
	EndGlobalSection
EndGlobal
