
Microsoft Visual Studio Solution File, Format Version 12.00
# Visual Studio 15
VisualStudioVersion = 15.0.28307.168
MinimumVisualStudioVersion = 10.0.40219.1
Project("{FAE04EC0-301F-11D3-BF4B-00C04F79EFBC}") = "BaseDemo5", "BaseDemo5\BaseDemo5.csproj", "{3BF8A3C8-C33C-4477-9F3B-14BA3D4E6576}"
EndProject
Global
	GlobalSection(SolutionConfigurationPlatforms) = preSolution
		Debug|Any CPU = Debug|Any CPU
		Release|Any CPU = Release|Any CPU
	EndGlobalSection
	GlobalSection(ProjectConfigurationPlatforms) = postSolution
		{3BF8A3C8-C33C-4477-9F3B-14BA3D4E6576}.Debug|Any CPU.ActiveCfg = Debug|Any CPU
		{3BF8A3C8-C33C-4477-9F3B-14BA3D4E6576}.Debug|Any CPU.Build.0 = Debug|Any CPU
		{3BF8A3C8-C33C-4477-9F3B-14BA3D4E6576}.Release|Any CPU.ActiveCfg = Release|Any CPU
		{3BF8A3C8-C33C-4477-9F3B-14BA3D4E6576}.Release|Any CPU.Build.0 = Release|Any CPU
	EndGlobalSection
	GlobalSection(SolutionProperties) = preSolution
		HideSolutionNode = FALSE
	EndGlobalSection
	GlobalSection(ExtensibilityGlobals) = postSolution
		SolutionGuid = {1774B939-EAF1-43A8-856D-26F8C7FAAC35}
	EndGlobalSection
EndGlobal
