
Microsoft Visual Studio Solution File, Format Version 12.00
# Visual Studio 15
VisualStudioVersion = 15.0.27703.2042
MinimumVisualStudioVersion = 10.0.40219.1
Project("{FAE04EC0-301F-11D3-BF4B-00C04F79EFBC}") = "BaseDemo3", "BaseDemo3\BaseDemo3.csproj", "{52A11D4B-DC8B-4320-B2B9-41DB4156EF5B}"
EndProject
Global
	GlobalSection(SolutionConfigurationPlatforms) = preSolution
		Debug|Any CPU = Debug|Any CPU
		Release|Any CPU = Release|Any CPU
	EndGlobalSection
	GlobalSection(ProjectConfigurationPlatforms) = postSolution
		{52A11D4B-DC8B-4320-B2B9-41DB4156EF5B}.Debug|Any CPU.ActiveCfg = Debug|Any CPU
		{52A11D4B-DC8B-4320-B2B9-41DB4156EF5B}.Debug|Any CPU.Build.0 = Debug|Any CPU
		{52A11D4B-DC8B-4320-B2B9-41DB4156EF5B}.Release|Any CPU.ActiveCfg = Release|Any CPU
		{52A11D4B-DC8B-4320-B2B9-41DB4156EF5B}.Release|Any CPU.Build.0 = Release|Any CPU
	EndGlobalSection
	GlobalSection(SolutionProperties) = preSolution
		HideSolutionNode = FALSE
	EndGlobalSection
	GlobalSection(ExtensibilityGlobals) = postSolution
		SolutionGuid = {427A32E5-0248-4095-92A4-75C1238A7CB9}
	EndGlobalSection
EndGlobal
