
Microsoft Visual Studio Solution File, Format Version 12.00
# Visual Studio 15
VisualStudioVersion = 15.0.27703.2042
MinimumVisualStudioVersion = 10.0.40219.1
Project("{FAE04EC0-301F-11D3-BF4B-00C04F79EFBC}") = "BaseDemo4", "BaseDemo4\BaseDemo4.csproj", "{132704D0-02C2-4D3A-9FFD-2DE82C826DBD}"
EndProject
Global
	GlobalSection(SolutionConfigurationPlatforms) = preSolution
		Debug|Any CPU = Debug|Any CPU
		Release|Any CPU = Release|Any CPU
	EndGlobalSection
	GlobalSection(ProjectConfigurationPlatforms) = postSolution
		{132704D0-02C2-4D3A-9FFD-2DE82C826DBD}.Debug|Any CPU.ActiveCfg = Debug|Any CPU
		{132704D0-02C2-4D3A-9FFD-2DE82C826DBD}.Debug|Any CPU.Build.0 = Debug|Any CPU
		{132704D0-02C2-4D3A-9FFD-2DE82C826DBD}.Release|Any CPU.ActiveCfg = Release|Any CPU
		{132704D0-02C2-4D3A-9FFD-2DE82C826DBD}.Release|Any CPU.Build.0 = Release|Any CPU
	EndGlobalSection
	GlobalSection(SolutionProperties) = preSolution
		HideSolutionNode = FALSE
	EndGlobalSection
	GlobalSection(ExtensibilityGlobals) = postSolution
		SolutionGuid = {2B7D8978-6B32-4A11-99B2-4039F60853BD}
	EndGlobalSection
EndGlobal
