
Microsoft Visual Studio Solution File, Format Version 12.00
# Visual Studio 15
VisualStudioVersion = 15.0.28307.168
MinimumVisualStudioVersion = 10.0.40219.1
Project("{FAE04EC0-301F-11D3-BF4B-00C04F79EFBC}") = "EFTestDemo01", "EFTestDemo01\EFTestDemo01.csproj", "{5FF0F4D7-9B2E-4CF1-8707-E954B4753768}"
EndProject
Global
	GlobalSection(SolutionConfigurationPlatforms) = preSolution
		Debug|Any CPU = Debug|Any CPU
		Release|Any CPU = Release|Any CPU
	EndGlobalSection
	GlobalSection(ProjectConfigurationPlatforms) = postSolution
		{5FF0F4D7-9B2E-4CF1-8707-E954B4753768}.Debug|Any CPU.ActiveCfg = Debug|Any CPU
		{5FF0F4D7-9B2E-4CF1-8707-E954B4753768}.Debug|Any CPU.Build.0 = Debug|Any CPU
		{5FF0F4D7-9B2E-4CF1-8707-E954B4753768}.Release|Any CPU.ActiveCfg = Release|Any CPU
		{5FF0F4D7-9B2E-4CF1-8707-E954B4753768}.Release|Any CPU.Build.0 = Release|Any CPU
	EndGlobalSection
	GlobalSection(SolutionProperties) = preSolution
		HideSolutionNode = FALSE
	EndGlobalSection
	GlobalSection(ExtensibilityGlobals) = postSolution
		SolutionGuid = {BC31B27A-F78C-4F85-8A4B-0C4068DA589C}
	EndGlobalSection
EndGlobal
