
Microsoft Visual Studio Solution File, Format Version 12.00
# Visual Studio 15
VisualStudioVersion = 15.0.28307.168
MinimumVisualStudioVersion = 10.0.40219.1
Project("{FAE04EC0-301F-11D3-BF4B-00C04F79EFBC}") = "EmailDemo", "EmailDemo\EmailDemo.csproj", "{C3A012F0-137E-4D74-A036-CF690EFBC861}"
EndProject
Global
	GlobalSection(SolutionConfigurationPlatforms) = preSolution
		Debug|Any CPU = Debug|Any CPU
		Release|Any CPU = Release|Any CPU
	EndGlobalSection
	GlobalSection(ProjectConfigurationPlatforms) = postSolution
		{C3A012F0-137E-4D74-A036-CF690EFBC861}.Debug|Any CPU.ActiveCfg = Debug|Any CPU
		{C3A012F0-137E-4D74-A036-CF690EFBC861}.Debug|Any CPU.Build.0 = Debug|Any CPU
		{C3A012F0-137E-4D74-A036-CF690EFBC861}.Release|Any CPU.ActiveCfg = Release|Any CPU
		{C3A012F0-137E-4D74-A036-CF690EFBC861}.Release|Any CPU.Build.0 = Release|Any CPU
	EndGlobalSection
	GlobalSection(SolutionProperties) = preSolution
		HideSolutionNode = FALSE
	EndGlobalSection
	GlobalSection(ExtensibilityGlobals) = postSolution
		SolutionGuid = {E7DB0E8E-C4B6-485E-993A-3F405F22DBB8}
	EndGlobalSection
EndGlobal
